
Microsoft Visual Studio Solution File, Format Version 12.00
# Visual Studio Version 17
VisualStudioVersion = 17.0.32014.148
MinimumVisualStudioVersion = 10.0.40219.1
Project("{FAE04EC0-301F-11D3-BF4B-00C04F79EFBC}") = "MyService", "MyService\MyService.csproj", "{DFCE8795-18D5-4962-9852-26DE68D067A8}"
EndProject
Project("{FAE04EC0-301F-11D3-BF4B-00C04F79EFBC}") = "ConsoleApp2", "ConsoleApp2\ConsoleApp2.csproj", "{56547F70-6575-4814-B0BE-72D9D90EDCF5}"
	ProjectSection(ProjectDependencies) = postProject
		{DFCE8795-18D5-4962-9852-26DE68D067A8} = {DFCE8795-18D5-4962-9852-26DE68D067A8}
	EndProjectSection
EndProject
Project("{2150E333-8FDC-42A3-9474-1A3956D46DE8}") = "Solution Items", "Solution Items", "{FCE55068-8380-47BC-A806-AAEEE178968A}"
	ProjectSection(SolutionItems) = preProject
		C:\Users\NAMG\Desktop\ReadMe.txt = C:\Users\NAMG\Desktop\ReadMe.txt
	EndProjectSection
EndProject
Global
	GlobalSection(SolutionConfigurationPlatforms) = preSolution
		Debug|Any CPU = Debug|Any CPU
		Release|Any CPU = Release|Any CPU
	EndGlobalSection
	GlobalSection(ProjectConfigurationPlatforms) = postSolution
		{DFCE8795-18D5-4962-9852-26DE68D067A8}.Debug|Any CPU.ActiveCfg = Debug|Any CPU
		{DFCE8795-18D5-4962-9852-26DE68D067A8}.Debug|Any CPU.Build.0 = Debug|Any CPU
		{DFCE8795-18D5-4962-9852-26DE68D067A8}.Release|Any CPU.ActiveCfg = Release|Any CPU
		{DFCE8795-18D5-4962-9852-26DE68D067A8}.Release|Any CPU.Build.0 = Release|Any CPU
		{56547F70-6575-4814-B0BE-72D9D90EDCF5}.Debug|Any CPU.ActiveCfg = Debug|Any CPU
		{56547F70-6575-4814-B0BE-72D9D90EDCF5}.Debug|Any CPU.Build.0 = Debug|Any CPU
		{56547F70-6575-4814-B0BE-72D9D90EDCF5}.Release|Any CPU.ActiveCfg = Release|Any CPU
		{56547F70-6575-4814-B0BE-72D9D90EDCF5}.Release|Any CPU.Build.0 = Release|Any CPU
	EndGlobalSection
	GlobalSection(SolutionProperties) = preSolution
		HideSolutionNode = FALSE
	EndGlobalSection
	GlobalSection(ExtensibilityGlobals) = postSolution
		SolutionGuid = {9192994A-2EFC-4DCA-835E-FD31AE0E28CB}
	EndGlobalSection
EndGlobal
